
Microsoft Visual Studio Solution File, Format Version 12.00
# Visual Studio 14
VisualStudioVersion = 14.0.25420.1
MinimumVisualStudioVersion = 10.0.40219.1
Project("{8BC9CEB8-8B4A-11D0-8D11-00A0C91BC942}") = "DGenSDL", "DGenSDL\DGenSDL.vcxproj", "{188F22EC-191D-424E-9C30-879FEFFB2870}"
	ProjectSection(ProjectDependencies) = postProject
		{BF999325-0105-65D7-8962-3F073CAAD11C} = {BF999325-0105-65D7-8962-3F073CAAD11C}
		{5F2B2C4B-3073-EFDD-E5F7-A66300035846} = {5F2B2C4B-3073-EFDD-E5F7-A66300035846}
		{1E98BABB-3F12-492A-AD45-018CBA7B6886} = {1E98BABB-3F12-492A-AD45-018CBA7B6886}
	EndProjectSection
EndProject
Project("{8BC9CEB8-8B4A-11D0-8D11-00A0C91BC942}") = "SDL", "..\..\sdl\SDL-1.2.15\VisualC\SDL\SDL.vcxproj", "{5F2B2C4B-3073-EFDD-E5F7-A66300035846}"
EndProject
Project("{8BC9CEB8-8B4A-11D0-8D11-00A0C91BC942}") = "SDLmain", "..\..\sdl\SDL-1.2.15\VisualC\SDLmain\SDLmain.vcxproj", "{BF999325-0105-65D7-8962-3F073CAAD11C}"
	ProjectSection(ProjectDependencies) = postProject
		{5F2B2C4B-3073-EFDD-E5F7-A66300035846} = {5F2B2C4B-3073-EFDD-E5F7-A66300035846}
	EndProjectSection
EndProject
Project("{8BC9CEB8-8B4A-11D0-8D11-00A0C91BC942}") = "pbm2df", "pbm2df\pbm2df.vcxproj", "{1FB6B69A-7301-4666-9300-2A20B2AA36FE}"
EndProject
Project("{8BC9CEB8-8B4A-11D0-8D11-00A0C91BC942}") = "MusaMaker", "MusaMaker\MusaMaker.vcxproj", "{04905BB4-AE81-4661-9D27-810685D66949}"
EndProject
Project("{8BC9CEB8-8B4A-11D0-8D11-00A0C91BC942}") = "StarMaker", "StarMaker\StarMaker.vcxproj", "{7636DBD4-E977-4212-A90E-E5AA15B319AA}"
EndProject
Project("{8BC9CEB8-8B4A-11D0-8D11-00A0C91BC942}") = "MZ80Maker", "MZ80Maker\MZ80Maker.vcxproj", "{DCF567B3-D248-4CD8-BE8D-C803274C975A}"
EndProject
Project("{8BC9CEB8-8B4A-11D0-8D11-00A0C91BC942}") = "OpenVRInterface", "OpenVRInterface\OpenVRInterface.vcxproj", "{1E98BABB-3F12-492A-AD45-018CBA7B6886}"
EndProject
Global
	GlobalSection(SolutionConfigurationPlatforms) = preSolution
		Debug|Win32 = Debug|Win32
		Debug|x64 = Debug|x64
		Release_NoSTDIO|Win32 = Release_NoSTDIO|Win32
		Release_NoSTDIO|x64 = Release_NoSTDIO|x64
		Release|Win32 = Release|Win32
		Release|x64 = Release|x64
		Template|Win32 = Template|Win32
		Template|x64 = Template|x64
	EndGlobalSection
	GlobalSection(ProjectConfigurationPlatforms) = postSolution
		{188F22EC-191D-424E-9C30-879FEFFB2870}.Debug|Win32.ActiveCfg = Debug|Win32
		{188F22EC-191D-424E-9C30-879FEFFB2870}.Debug|Win32.Build.0 = Debug|Win32
		{188F22EC-191D-424E-9C30-879FEFFB2870}.Debug|x64.ActiveCfg = Debug|Win32
		{188F22EC-191D-424E-9C30-879FEFFB2870}.Release_NoSTDIO|Win32.ActiveCfg = Release|Win32
		{188F22EC-191D-424E-9C30-879FEFFB2870}.Release_NoSTDIO|Win32.Build.0 = Release|Win32
		{188F22EC-191D-424E-9C30-879FEFFB2870}.Release_NoSTDIO|x64.ActiveCfg = Release|Win32
		{188F22EC-191D-424E-9C30-879FEFFB2870}.Release_NoSTDIO|x64.Build.0 = Release|Win32
		{188F22EC-191D-424E-9C30-879FEFFB2870}.Release|Win32.ActiveCfg = Release|Win32
		{188F22EC-191D-424E-9C30-879FEFFB2870}.Release|Win32.Build.0 = Release|Win32
		{188F22EC-191D-424E-9C30-879FEFFB2870}.Release|x64.ActiveCfg = Release|Win32
		{188F22EC-191D-424E-9C30-879FEFFB2870}.Template|Win32.ActiveCfg = Release|Win32
		{188F22EC-191D-424E-9C30-879FEFFB2870}.Template|Win32.Build.0 = Release|Win32
		{188F22EC-191D-424E-9C30-879FEFFB2870}.Template|x64.ActiveCfg = Release|Win32
		{188F22EC-191D-424E-9C30-879FEFFB2870}.Template|x64.Build.0 = Release|Win32
		{5F2B2C4B-3073-EFDD-E5F7-A66300035846}.Debug|Win32.ActiveCfg = Debug|Win32
		{5F2B2C4B-3073-EFDD-E5F7-A66300035846}.Debug|Win32.Build.0 = Debug|Win32
		{5F2B2C4B-3073-EFDD-E5F7-A66300035846}.Debug|x64.ActiveCfg = Debug|Win32
		{5F2B2C4B-3073-EFDD-E5F7-A66300035846}.Release_NoSTDIO|Win32.ActiveCfg = Release|Win32
		{5F2B2C4B-3073-EFDD-E5F7-A66300035846}.Release_NoSTDIO|Win32.Build.0 = Release|Win32
		{5F2B2C4B-3073-EFDD-E5F7-A66300035846}.Release_NoSTDIO|x64.ActiveCfg = Release|Win32
		{5F2B2C4B-3073-EFDD-E5F7-A66300035846}.Release_NoSTDIO|x64.Build.0 = Release|Win32
		{5F2B2C4B-3073-EFDD-E5F7-A66300035846}.Release|Win32.ActiveCfg = Release|Win32
		{5F2B2C4B-3073-EFDD-E5F7-A66300035846}.Release|Win32.Build.0 = Release|Win32
		{5F2B2C4B-3073-EFDD-E5F7-A66300035846}.Release|x64.ActiveCfg = Release|Win32
		{5F2B2C4B-3073-EFDD-E5F7-A66300035846}.Template|Win32.ActiveCfg = Release|Win32
		{5F2B2C4B-3073-EFDD-E5F7-A66300035846}.Template|Win32.Build.0 = Release|Win32
		{5F2B2C4B-3073-EFDD-E5F7-A66300035846}.Template|x64.ActiveCfg = Release|Win32
		{5F2B2C4B-3073-EFDD-E5F7-A66300035846}.Template|x64.Build.0 = Release|Win32
		{BF999325-0105-65D7-8962-3F073CAAD11C}.Debug|Win32.ActiveCfg = Debug|Win32
		{BF999325-0105-65D7-8962-3F073CAAD11C}.Debug|Win32.Build.0 = Debug|Win32
		{BF999325-0105-65D7-8962-3F073CAAD11C}.Debug|x64.ActiveCfg = Debug|Win32
		{BF999325-0105-65D7-8962-3F073CAAD11C}.Release_NoSTDIO|Win32.ActiveCfg = Release_NoSTDIO|Win32
		{BF999325-0105-65D7-8962-3F073CAAD11C}.Release_NoSTDIO|Win32.Build.0 = Release_NoSTDIO|Win32
		{BF999325-0105-65D7-8962-3F073CAAD11C}.Release_NoSTDIO|x64.ActiveCfg = Release_NoSTDIO|Win32
		{BF999325-0105-65D7-8962-3F073CAAD11C}.Release|Win32.ActiveCfg = Release|Win32
		{BF999325-0105-65D7-8962-3F073CAAD11C}.Release|Win32.Build.0 = Release|Win32
		{BF999325-0105-65D7-8962-3F073CAAD11C}.Release|x64.ActiveCfg = Release|Win32
		{BF999325-0105-65D7-8962-3F073CAAD11C}.Template|Win32.ActiveCfg = Template|Win32
		{BF999325-0105-65D7-8962-3F073CAAD11C}.Template|Win32.Build.0 = Template|Win32
		{BF999325-0105-65D7-8962-3F073CAAD11C}.Template|x64.ActiveCfg = Template|Win32
		{1FB6B69A-7301-4666-9300-2A20B2AA36FE}.Debug|Win32.ActiveCfg = Debug|Win32
		{1FB6B69A-7301-4666-9300-2A20B2AA36FE}.Debug|Win32.Build.0 = Debug|Win32
		{1FB6B69A-7301-4666-9300-2A20B2AA36FE}.Debug|x64.ActiveCfg = Debug|x64
		{1FB6B69A-7301-4666-9300-2A20B2AA36FE}.Debug|x64.Build.0 = Debug|x64
		{1FB6B69A-7301-4666-9300-2A20B2AA36FE}.Release_NoSTDIO|Win32.ActiveCfg = Release|Win32
		{1FB6B69A-7301-4666-9300-2A20B2AA36FE}.Release_NoSTDIO|Win32.Build.0 = Release|Win32
		{1FB6B69A-7301-4666-9300-2A20B2AA36FE}.Release_NoSTDIO|x64.ActiveCfg = Release|x64
		{1FB6B69A-7301-4666-9300-2A20B2AA36FE}.Release_NoSTDIO|x64.Build.0 = Release|x64
		{1FB6B69A-7301-4666-9300-2A20B2AA36FE}.Release|Win32.ActiveCfg = Release|Win32
		{1FB6B69A-7301-4666-9300-2A20B2AA36FE}.Release|Win32.Build.0 = Release|Win32
		{1FB6B69A-7301-4666-9300-2A20B2AA36FE}.Release|x64.ActiveCfg = Release|x64
		{1FB6B69A-7301-4666-9300-2A20B2AA36FE}.Release|x64.Build.0 = Release|x64
		{1FB6B69A-7301-4666-9300-2A20B2AA36FE}.Template|Win32.ActiveCfg = Release|Win32
		{1FB6B69A-7301-4666-9300-2A20B2AA36FE}.Template|Win32.Build.0 = Release|Win32
		{1FB6B69A-7301-4666-9300-2A20B2AA36FE}.Template|x64.ActiveCfg = Release|x64
		{1FB6B69A-7301-4666-9300-2A20B2AA36FE}.Template|x64.Build.0 = Release|x64
		{04905BB4-AE81-4661-9D27-810685D66949}.Debug|Win32.ActiveCfg = Debug|Win32
		{04905BB4-AE81-4661-9D27-810685D66949}.Debug|Win32.Build.0 = Debug|Win32
		{04905BB4-AE81-4661-9D27-810685D66949}.Debug|x64.ActiveCfg = Debug|x64
		{04905BB4-AE81-4661-9D27-810685D66949}.Debug|x64.Build.0 = Debug|x64
		{04905BB4-AE81-4661-9D27-810685D66949}.Release_NoSTDIO|Win32.ActiveCfg = Release|Win32
		{04905BB4-AE81-4661-9D27-810685D66949}.Release_NoSTDIO|Win32.Build.0 = Release|Win32
		{04905BB4-AE81-4661-9D27-810685D66949}.Release_NoSTDIO|x64.ActiveCfg = Release|x64
		{04905BB4-AE81-4661-9D27-810685D66949}.Release_NoSTDIO|x64.Build.0 = Release|x64
		{04905BB4-AE81-4661-9D27-810685D66949}.Release|Win32.ActiveCfg = Release|Win32
		{04905BB4-AE81-4661-9D27-810685D66949}.Release|Win32.Build.0 = Release|Win32
		{04905BB4-AE81-4661-9D27-810685D66949}.Release|x64.ActiveCfg = Release|x64
		{04905BB4-AE81-4661-9D27-810685D66949}.Release|x64.Build.0 = Release|x64
		{04905BB4-AE81-4661-9D27-810685D66949}.Template|Win32.ActiveCfg = Release|Win32
		{04905BB4-AE81-4661-9D27-810685D66949}.Template|Win32.Build.0 = Release|Win32
		{04905BB4-AE81-4661-9D27-810685D66949}.Template|x64.ActiveCfg = Release|x64
		{04905BB4-AE81-4661-9D27-810685D66949}.Template|x64.Build.0 = Release|x64
		{7636DBD4-E977-4212-A90E-E5AA15B319AA}.Debug|Win32.ActiveCfg = Debug|Win32
		{7636DBD4-E977-4212-A90E-E5AA15B319AA}.Debug|Win32.Build.0 = Debug|Win32
		{7636DBD4-E977-4212-A90E-E5AA15B319AA}.Debug|x64.ActiveCfg = Debug|x64
		{7636DBD4-E977-4212-A90E-E5AA15B319AA}.Debug|x64.Build.0 = Debug|x64
		{7636DBD4-E977-4212-A90E-E5AA15B319AA}.Release_NoSTDIO|Win32.ActiveCfg = Release|Win32
		{7636DBD4-E977-4212-A90E-E5AA15B319AA}.Release_NoSTDIO|Win32.Build.0 = Release|Win32
		{7636DBD4-E977-4212-A90E-E5AA15B319AA}.Release_NoSTDIO|x64.ActiveCfg = Release|x64
		{7636DBD4-E977-4212-A90E-E5AA15B319AA}.Release_NoSTDIO|x64.Build.0 = Release|x64
		{7636DBD4-E977-4212-A90E-E5AA15B319AA}.Release|Win32.ActiveCfg = Release|Win32
		{7636DBD4-E977-4212-A90E-E5AA15B319AA}.Release|Win32.Build.0 = Release|Win32
		{7636DBD4-E977-4212-A90E-E5AA15B319AA}.Release|x64.ActiveCfg = Release|x64
		{7636DBD4-E977-4212-A90E-E5AA15B319AA}.Release|x64.Build.0 = Release|x64
		{7636DBD4-E977-4212-A90E-E5AA15B319AA}.Template|Win32.ActiveCfg = Release|Win32
		{7636DBD4-E977-4212-A90E-E5AA15B319AA}.Template|Win32.Build.0 = Release|Win32
		{7636DBD4-E977-4212-A90E-E5AA15B319AA}.Template|x64.ActiveCfg = Release|x64
		{7636DBD4-E977-4212-A90E-E5AA15B319AA}.Template|x64.Build.0 = Release|x64
		{DCF567B3-D248-4CD8-BE8D-C803274C975A}.Debug|Win32.ActiveCfg = Debug|Win32
		{DCF567B3-D248-4CD8-BE8D-C803274C975A}.Debug|Win32.Build.0 = Debug|Win32
		{DCF567B3-D248-4CD8-BE8D-C803274C975A}.Debug|x64.ActiveCfg = Debug|x64
		{DCF567B3-D248-4CD8-BE8D-C803274C975A}.Debug|x64.Build.0 = Debug|x64
		{DCF567B3-D248-4CD8-BE8D-C803274C975A}.Release_NoSTDIO|Win32.ActiveCfg = Release|Win32
		{DCF567B3-D248-4CD8-BE8D-C803274C975A}.Release_NoSTDIO|Win32.Build.0 = Release|Win32
		{DCF567B3-D248-4CD8-BE8D-C803274C975A}.Release_NoSTDIO|x64.ActiveCfg = Release|x64
		{DCF567B3-D248-4CD8-BE8D-C803274C975A}.Release_NoSTDIO|x64.Build.0 = Release|x64
		{DCF567B3-D248-4CD8-BE8D-C803274C975A}.Release|Win32.ActiveCfg = Release|Win32
		{DCF567B3-D248-4CD8-BE8D-C803274C975A}.Release|Win32.Build.0 = Release|Win32
		{DCF567B3-D248-4CD8-BE8D-C803274C975A}.Release|x64.ActiveCfg = Release|x64
		{DCF567B3-D248-4CD8-BE8D-C803274C975A}.Release|x64.Build.0 = Release|x64
		{DCF567B3-D248-4CD8-BE8D-C803274C975A}.Template|Win32.ActiveCfg = Release|Win32
		{DCF567B3-D248-4CD8-BE8D-C803274C975A}.Template|Win32.Build.0 = Release|Win32
		{DCF567B3-D248-4CD8-BE8D-C803274C975A}.Template|x64.ActiveCfg = Release|x64
		{DCF567B3-D248-4CD8-BE8D-C803274C975A}.Template|x64.Build.0 = Release|x64
		{1E98BABB-3F12-492A-AD45-018CBA7B6886}.Debug|Win32.ActiveCfg = Debug|Win32
		{1E98BABB-3F12-492A-AD45-018CBA7B6886}.Debug|Win32.Build.0 = Debug|Win32
		{1E98BABB-3F12-492A-AD45-018CBA7B6886}.Debug|x64.ActiveCfg = Debug|x64
		{1E98BABB-3F12-492A-AD45-018CBA7B6886}.Debug|x64.Build.0 = Debug|x64
		{1E98BABB-3F12-492A-AD45-018CBA7B6886}.Release_NoSTDIO|Win32.ActiveCfg = Release|Win32
		{1E98BABB-3F12-492A-AD45-018CBA7B6886}.Release_NoSTDIO|Win32.Build.0 = Release|Win32
		{1E98BABB-3F12-492A-AD45-018CBA7B6886}.Release_NoSTDIO|x64.ActiveCfg = Release|x64
		{1E98BABB-3F12-492A-AD45-018CBA7B6886}.Release_NoSTDIO|x64.Build.0 = Release|x64
		{1E98BABB-3F12-492A-AD45-018CBA7B6886}.Release|Win32.ActiveCfg = Release|Win32
		{1E98BABB-3F12-492A-AD45-018CBA7B6886}.Release|Win32.Build.0 = Release|Win32
		{1E98BABB-3F12-492A-AD45-018CBA7B6886}.Release|x64.ActiveCfg = Release|x64
		{1E98BABB-3F12-492A-AD45-018CBA7B6886}.Release|x64.Build.0 = Release|x64
		{1E98BABB-3F12-492A-AD45-018CBA7B6886}.Template|Win32.ActiveCfg = Release|Win32
		{1E98BABB-3F12-492A-AD45-018CBA7B6886}.Template|Win32.Build.0 = Release|Win32
		{1E98BABB-3F12-492A-AD45-018CBA7B6886}.Template|x64.ActiveCfg = Release|x64
		{1E98BABB-3F12-492A-AD45-018CBA7B6886}.Template|x64.Build.0 = Release|x64
	EndGlobalSection
	GlobalSection(SolutionProperties) = preSolution
		HideSolutionNode = FALSE
	EndGlobalSection
EndGlobal
